
Microsoft Visual Studio Solution File, Format Version 11.00
# Visual Studio 2010
Project("{FAE04EC0-301F-11D3-BF4B-00C04F79EFBC}") = "Scribbles", "Scribbles\Scribbles.csproj", "{9CC76461-0CEE-4D56-B1EE-4646B214DAA3}"
EndProject
Global
	GlobalSection(SolutionConfigurationPlatforms) = preSolution
		Debug|x86 = Debug|x86
		Release|x86 = Release|x86
	EndGlobalSection
	GlobalSection(ProjectConfigurationPlatforms) = postSolution
		{9CC76461-0CEE-4D56-B1EE-4646B214DAA3}.Debug|x86.ActiveCfg = Debug|x86
		{9CC76461-0CEE-4D56-B1EE-4646B214DAA3}.Debug|x86.Build.0 = Debug|x86
		{9CC76461-0CEE-4D56-B1EE-4646B214DAA3}.Release|x86.ActiveCfg = Release|x86
		{9CC76461-0CEE-4D56-B1EE-4646B214DAA3}.Release|x86.Build.0 = Release|x86
	EndGlobalSection
	GlobalSection(SolutionProperties) = preSolution
		HideSolutionNode = FALSE
	EndGlobalSection
EndGlobal
