
Microsoft Visual Studio Solution File, Format Version 12.00
# Visual Studio 2013
VisualStudioVersion = 12.0.31101.0
MinimumVisualStudioVersion = 10.0.40219.1
Project("{8BC9CEB8-8B4A-11D0-8D11-00A0C91BC942}") = "MarbleTester", "MarbleTester\MarbleTester.vcxproj", "{E7912369-BDD0-4892-9DCD-DA14A725594C}"
	ProjectSection(ProjectDependencies) = postProject
		{65B47010-C69E-43EF-A752-2894D463C498} = {65B47010-C69E-43EF-A752-2894D463C498}
		{9FA8D225-6A54-4C24-B924-2D8DE179C684} = {9FA8D225-6A54-4C24-B924-2D8DE179C684}
		{02B2B141-1AF3-43F0-A4D9-ECEE33401CEE} = {02B2B141-1AF3-43F0-A4D9-ECEE33401CEE}
		{840B1356-1DE5-4BE2-A008-E2B0134F7B24} = {840B1356-1DE5-4BE2-A008-E2B0134F7B24}
		{5F0DF293-DC6B-48CB-B8FC-49E26055637D} = {5F0DF293-DC6B-48CB-B8FC-49E26055637D}
		{07047EA0-311D-497C-BF14-29DE1F54F5B4} = {07047EA0-311D-497C-BF14-29DE1F54F5B4}
		{424CC3B1-10AE-4BCD-A02E-F2F903CA8B96} = {424CC3B1-10AE-4BCD-A02E-F2F903CA8B96}
		{BA8648B6-A2B5-440C-B97B-5D24FDEB1A28} = {BA8648B6-A2B5-440C-B97B-5D24FDEB1A28}
		{584CBFC4-3419-4D37-8CFF-4570FAAC445B} = {584CBFC4-3419-4D37-8CFF-4570FAAC445B}
		{A21F73C6-2421-4588-8A46-B8727BBB647A} = {A21F73C6-2421-4588-8A46-B8727BBB647A}
		{A0CDE8E4-C401-4E0A-A0F9-2578104F5AFF} = {A0CDE8E4-C401-4E0A-A0F9-2578104F5AFF}
		{44263EFB-287A-4CFF-99C7-D80884532BF4} = {44263EFB-287A-4CFF-99C7-D80884532BF4}
	EndProjectSection
EndProject
Project("{2150E333-8FDC-42A3-9474-1A3956D46DE8}") = "Submodules", "Submodules", "{34DF94E5-010D-41AD-B10F-EF362CA07DD8}"
EndProject
Project("{2150E333-8FDC-42A3-9474-1A3956D46DE8}") = "Buffers", "Buffers", "{CAA0933B-45B8-4274-81C7-2A67245D169F}"
EndProject
Project("{8BC9CEB8-8B4A-11D0-8D11-00A0C91BC942}") = "SecureBuffer", "Submodules\Buffers\SecureBuffer\SecureBuffer.vcxproj", "{65B47010-C69E-43EF-A752-2894D463C498}"
	ProjectSection(ProjectDependencies) = postProject
		{9FA8D225-6A54-4C24-B924-2D8DE179C684} = {9FA8D225-6A54-4C24-B924-2D8DE179C684}
		{02B2B141-1AF3-43F0-A4D9-ECEE33401CEE} = {02B2B141-1AF3-43F0-A4D9-ECEE33401CEE}
		{840B1356-1DE5-4BE2-A008-E2B0134F7B24} = {840B1356-1DE5-4BE2-A008-E2B0134F7B24}
		{424CC3B1-10AE-4BCD-A02E-F2F903CA8B96} = {424CC3B1-10AE-4BCD-A02E-F2F903CA8B96}
		{A21F73C6-2421-4588-8A46-B8727BBB647A} = {A21F73C6-2421-4588-8A46-B8727BBB647A}
		{A0CDE8E4-C401-4E0A-A0F9-2578104F5AFF} = {A0CDE8E4-C401-4E0A-A0F9-2578104F5AFF}
		{44263EFB-287A-4CFF-99C7-D80884532BF4} = {44263EFB-287A-4CFF-99C7-D80884532BF4}
	EndProjectSection
EndProject
Project("{2150E333-8FDC-42A3-9474-1A3956D46DE8}") = "Compression", "Compression", "{CCA6BF98-AFC5-4EFD-B6A1-281CBC1B6E0D}"
EndProject
Project("{2150E333-8FDC-42A3-9474-1A3956D46DE8}") = "Encryption", "Encryption", "{9B766B88-8CD5-4039-9F38-1268DADB37BE}"
EndProject
Project("{2150E333-8FDC-42A3-9474-1A3956D46DE8}") = "External Libraries", "External Libraries", "{10248718-EF06-46E0-8934-C941ACFBE3A4}"
EndProject
Project("{8BC9CEB8-8B4A-11D0-8D11-00A0C91BC942}") = "Compression_BZIP", "Submodules\Buffers\LibImplementations\Compression\Compression_BZIP\Compression_BZIP.vcxproj", "{A0CDE8E4-C401-4E0A-A0F9-2578104F5AFF}"
EndProject
Project("{8BC9CEB8-8B4A-11D0-8D11-00A0C91BC942}") = "Compression_LZ", "Submodules\Buffers\LibImplementations\Compression\Compression_LZ\Compression_LZ.vcxproj", "{424CC3B1-10AE-4BCD-A02E-F2F903CA8B96}"
EndProject
Project("{8BC9CEB8-8B4A-11D0-8D11-00A0C91BC942}") = "Compression_SCZ", "Submodules\Buffers\LibImplementations\Compression\Compression_SCZ\Compression_SCZ.vcxproj", "{02B2B141-1AF3-43F0-A4D9-ECEE33401CEE}"
EndProject
Project("{8BC9CEB8-8B4A-11D0-8D11-00A0C91BC942}") = "Compression_ZLIB", "Submodules\Buffers\LibImplementations\Compression\Compression_ZLIB\Compression_ZLIB.vcxproj", "{44263EFB-287A-4CFF-99C7-D80884532BF4}"
EndProject
Project("{8BC9CEB8-8B4A-11D0-8D11-00A0C91BC942}") = "Encryption_MSFT", "Submodules\Buffers\LibImplementations\Encryption\Encryption_MSFT\Encryption_MSFT.vcxproj", "{9FA8D225-6A54-4C24-B924-2D8DE179C684}"
EndProject
Project("{8BC9CEB8-8B4A-11D0-8D11-00A0C91BC942}") = "Encryption_OPENSSL", "Submodules\Buffers\LibImplementations\Encryption\Encryption_OPENSSL\Encryption_OPENSSL.vcxproj", "{840B1356-1DE5-4BE2-A008-E2B0134F7B24}"
EndProject
Project("{8BC9CEB8-8B4A-11D0-8D11-00A0C91BC942}") = "ExtLib_BZIP", "Submodules\Buffers\LibImplementations\External Libraries\ExtLib_BZIP\ExtLib_BZIP.vcxproj", "{07047EA0-311D-497C-BF14-29DE1F54F5B4}"
EndProject
Project("{8BC9CEB8-8B4A-11D0-8D11-00A0C91BC942}") = "ExtLib_OPENSSL", "Submodules\Buffers\LibImplementations\External Libraries\ExtLib_OPENSSL\ExtLib_OPENSSL.vcxproj", "{5F0DF293-DC6B-48CB-B8FC-49E26055637D}"
EndProject
Project("{8BC9CEB8-8B4A-11D0-8D11-00A0C91BC942}") = "ExtLib_SCZ", "Submodules\Buffers\LibImplementations\External Libraries\ExtLib_SCZ\ExtLib_SCZ.vcxproj", "{584CBFC4-3419-4D37-8CFF-4570FAAC445B}"
EndProject
Project("{8BC9CEB8-8B4A-11D0-8D11-00A0C91BC942}") = "ExtLib_ZLIB", "Submodules\Buffers\LibImplementations\External Libraries\ExtLib_ZLIB\ExtLib_ZLIB.vcxproj", "{BA8648B6-A2B5-440C-B97B-5D24FDEB1A28}"
EndProject
Project("{2150E333-8FDC-42A3-9474-1A3956D46DE8}") = "Buffer_Wrappers", "Buffer_Wrappers", "{3678A393-2CA9-4AF2-BF74-5130BD12FA28}"
EndProject
Project("{8BC9CEB8-8B4A-11D0-8D11-00A0C91BC942}") = "Buffers", "Submodules\Buffers\Buffers\Buffers.vcxproj", "{A21F73C6-2421-4588-8A46-B8727BBB647A}"
EndProject
Global
	GlobalSection(SolutionConfigurationPlatforms) = preSolution
		Debug|Win32 = Debug|Win32
		Debug|x64 = Debug|x64
		Release_Dynamic|Win32 = Release_Dynamic|Win32
		Release_Dynamic|x64 = Release_Dynamic|x64
		Release_Static|Win32 = Release_Static|Win32
		Release_Static|x64 = Release_Static|x64
	EndGlobalSection
	GlobalSection(ProjectConfigurationPlatforms) = postSolution
		{E7912369-BDD0-4892-9DCD-DA14A725594C}.Debug|Win32.ActiveCfg = Debug|Win32
		{E7912369-BDD0-4892-9DCD-DA14A725594C}.Debug|Win32.Build.0 = Debug|Win32
		{E7912369-BDD0-4892-9DCD-DA14A725594C}.Debug|x64.ActiveCfg = Debug|x64
		{E7912369-BDD0-4892-9DCD-DA14A725594C}.Debug|x64.Build.0 = Debug|x64
		{E7912369-BDD0-4892-9DCD-DA14A725594C}.Release_Dynamic|Win32.ActiveCfg = Release_Dynamic|Win32
		{E7912369-BDD0-4892-9DCD-DA14A725594C}.Release_Dynamic|Win32.Build.0 = Release_Dynamic|Win32
		{E7912369-BDD0-4892-9DCD-DA14A725594C}.Release_Dynamic|x64.ActiveCfg = Release_Dynamic|x64
		{E7912369-BDD0-4892-9DCD-DA14A725594C}.Release_Dynamic|x64.Build.0 = Release_Dynamic|x64
		{E7912369-BDD0-4892-9DCD-DA14A725594C}.Release_Static|Win32.ActiveCfg = Release_Static|Win32
		{E7912369-BDD0-4892-9DCD-DA14A725594C}.Release_Static|Win32.Build.0 = Release_Static|Win32
		{E7912369-BDD0-4892-9DCD-DA14A725594C}.Release_Static|x64.ActiveCfg = Release_Static|x64
		{E7912369-BDD0-4892-9DCD-DA14A725594C}.Release_Static|x64.Build.0 = Release_Static|x64
		{65B47010-C69E-43EF-A752-2894D463C498}.Debug|Win32.ActiveCfg = Debug|Win32
		{65B47010-C69E-43EF-A752-2894D463C498}.Debug|Win32.Build.0 = Debug|Win32
		{65B47010-C69E-43EF-A752-2894D463C498}.Debug|x64.ActiveCfg = Debug|x64
		{65B47010-C69E-43EF-A752-2894D463C498}.Debug|x64.Build.0 = Debug|x64
		{65B47010-C69E-43EF-A752-2894D463C498}.Release_Dynamic|Win32.ActiveCfg = Release_Dynamic|Win32
		{65B47010-C69E-43EF-A752-2894D463C498}.Release_Dynamic|Win32.Build.0 = Release_Dynamic|Win32
		{65B47010-C69E-43EF-A752-2894D463C498}.Release_Dynamic|x64.ActiveCfg = Release_Dynamic|x64
		{65B47010-C69E-43EF-A752-2894D463C498}.Release_Dynamic|x64.Build.0 = Release_Dynamic|x64
		{65B47010-C69E-43EF-A752-2894D463C498}.Release_Static|Win32.ActiveCfg = Release_Static|Win32
		{65B47010-C69E-43EF-A752-2894D463C498}.Release_Static|Win32.Build.0 = Release_Static|Win32
		{65B47010-C69E-43EF-A752-2894D463C498}.Release_Static|x64.ActiveCfg = Release_Static|x64
		{65B47010-C69E-43EF-A752-2894D463C498}.Release_Static|x64.Build.0 = Release_Static|x64
		{A0CDE8E4-C401-4E0A-A0F9-2578104F5AFF}.Debug|Win32.ActiveCfg = Debug|Win32
		{A0CDE8E4-C401-4E0A-A0F9-2578104F5AFF}.Debug|Win32.Build.0 = Debug|Win32
		{A0CDE8E4-C401-4E0A-A0F9-2578104F5AFF}.Debug|x64.ActiveCfg = Debug|x64
		{A0CDE8E4-C401-4E0A-A0F9-2578104F5AFF}.Debug|x64.Build.0 = Debug|x64
		{A0CDE8E4-C401-4E0A-A0F9-2578104F5AFF}.Release_Dynamic|Win32.ActiveCfg = Release_Dynamic|Win32
		{A0CDE8E4-C401-4E0A-A0F9-2578104F5AFF}.Release_Dynamic|Win32.Build.0 = Release_Dynamic|Win32
		{A0CDE8E4-C401-4E0A-A0F9-2578104F5AFF}.Release_Dynamic|x64.ActiveCfg = Release_Dynamic|x64
		{A0CDE8E4-C401-4E0A-A0F9-2578104F5AFF}.Release_Dynamic|x64.Build.0 = Release_Dynamic|x64
		{A0CDE8E4-C401-4E0A-A0F9-2578104F5AFF}.Release_Static|Win32.ActiveCfg = Release_Static|Win32
		{A0CDE8E4-C401-4E0A-A0F9-2578104F5AFF}.Release_Static|Win32.Build.0 = Release_Static|Win32
		{A0CDE8E4-C401-4E0A-A0F9-2578104F5AFF}.Release_Static|x64.ActiveCfg = Release_Static|x64
		{A0CDE8E4-C401-4E0A-A0F9-2578104F5AFF}.Release_Static|x64.Build.0 = Release_Static|x64
		{424CC3B1-10AE-4BCD-A02E-F2F903CA8B96}.Debug|Win32.ActiveCfg = Debug|Win32
		{424CC3B1-10AE-4BCD-A02E-F2F903CA8B96}.Debug|Win32.Build.0 = Debug|Win32
		{424CC3B1-10AE-4BCD-A02E-F2F903CA8B96}.Debug|x64.ActiveCfg = Debug|x64
		{424CC3B1-10AE-4BCD-A02E-F2F903CA8B96}.Debug|x64.Build.0 = Debug|x64
		{424CC3B1-10AE-4BCD-A02E-F2F903CA8B96}.Release_Dynamic|Win32.ActiveCfg = Release_Dynamic|Win32
		{424CC3B1-10AE-4BCD-A02E-F2F903CA8B96}.Release_Dynamic|Win32.Build.0 = Release_Dynamic|Win32
		{424CC3B1-10AE-4BCD-A02E-F2F903CA8B96}.Release_Dynamic|x64.ActiveCfg = Release_Dynamic|x64
		{424CC3B1-10AE-4BCD-A02E-F2F903CA8B96}.Release_Dynamic|x64.Build.0 = Release_Dynamic|x64
		{424CC3B1-10AE-4BCD-A02E-F2F903CA8B96}.Release_Static|Win32.ActiveCfg = Release_Static|Win32
		{424CC3B1-10AE-4BCD-A02E-F2F903CA8B96}.Release_Static|Win32.Build.0 = Release_Static|Win32
		{424CC3B1-10AE-4BCD-A02E-F2F903CA8B96}.Release_Static|x64.ActiveCfg = Release_Static|x64
		{424CC3B1-10AE-4BCD-A02E-F2F903CA8B96}.Release_Static|x64.Build.0 = Release_Static|x64
		{02B2B141-1AF3-43F0-A4D9-ECEE33401CEE}.Debug|Win32.ActiveCfg = Debug|Win32
		{02B2B141-1AF3-43F0-A4D9-ECEE33401CEE}.Debug|Win32.Build.0 = Debug|Win32
		{02B2B141-1AF3-43F0-A4D9-ECEE33401CEE}.Debug|x64.ActiveCfg = Debug|x64
		{02B2B141-1AF3-43F0-A4D9-ECEE33401CEE}.Debug|x64.Build.0 = Debug|x64
		{02B2B141-1AF3-43F0-A4D9-ECEE33401CEE}.Release_Dynamic|Win32.ActiveCfg = Release_Dynamic|Win32
		{02B2B141-1AF3-43F0-A4D9-ECEE33401CEE}.Release_Dynamic|Win32.Build.0 = Release_Dynamic|Win32
		{02B2B141-1AF3-43F0-A4D9-ECEE33401CEE}.Release_Dynamic|x64.ActiveCfg = Release_Dynamic|x64
		{02B2B141-1AF3-43F0-A4D9-ECEE33401CEE}.Release_Dynamic|x64.Build.0 = Release_Dynamic|x64
		{02B2B141-1AF3-43F0-A4D9-ECEE33401CEE}.Release_Static|Win32.ActiveCfg = Release_Static|Win32
		{02B2B141-1AF3-43F0-A4D9-ECEE33401CEE}.Release_Static|Win32.Build.0 = Release_Static|Win32
		{02B2B141-1AF3-43F0-A4D9-ECEE33401CEE}.Release_Static|x64.ActiveCfg = Release_Static|x64
		{02B2B141-1AF3-43F0-A4D9-ECEE33401CEE}.Release_Static|x64.Build.0 = Release_Static|x64
		{44263EFB-287A-4CFF-99C7-D80884532BF4}.Debug|Win32.ActiveCfg = Debug|Win32
		{44263EFB-287A-4CFF-99C7-D80884532BF4}.Debug|Win32.Build.0 = Debug|Win32
		{44263EFB-287A-4CFF-99C7-D80884532BF4}.Debug|x64.ActiveCfg = Debug|x64
		{44263EFB-287A-4CFF-99C7-D80884532BF4}.Debug|x64.Build.0 = Debug|x64
		{44263EFB-287A-4CFF-99C7-D80884532BF4}.Release_Dynamic|Win32.ActiveCfg = Release_Dynamic|Win32
		{44263EFB-287A-4CFF-99C7-D80884532BF4}.Release_Dynamic|Win32.Build.0 = Release_Dynamic|Win32
		{44263EFB-287A-4CFF-99C7-D80884532BF4}.Release_Dynamic|x64.ActiveCfg = Release_Dynamic|x64
		{44263EFB-287A-4CFF-99C7-D80884532BF4}.Release_Dynamic|x64.Build.0 = Release_Dynamic|x64
		{44263EFB-287A-4CFF-99C7-D80884532BF4}.Release_Static|Win32.ActiveCfg = Release_Static|Win32
		{44263EFB-287A-4CFF-99C7-D80884532BF4}.Release_Static|Win32.Build.0 = Release_Static|Win32
		{44263EFB-287A-4CFF-99C7-D80884532BF4}.Release_Static|x64.ActiveCfg = Release_Static|x64
		{44263EFB-287A-4CFF-99C7-D80884532BF4}.Release_Static|x64.Build.0 = Release_Static|x64
		{9FA8D225-6A54-4C24-B924-2D8DE179C684}.Debug|Win32.ActiveCfg = Debug|Win32
		{9FA8D225-6A54-4C24-B924-2D8DE179C684}.Debug|Win32.Build.0 = Debug|Win32
		{9FA8D225-6A54-4C24-B924-2D8DE179C684}.Debug|x64.ActiveCfg = Debug|x64
		{9FA8D225-6A54-4C24-B924-2D8DE179C684}.Debug|x64.Build.0 = Debug|x64
		{9FA8D225-6A54-4C24-B924-2D8DE179C684}.Release_Dynamic|Win32.ActiveCfg = Release_Dynamic|Win32
		{9FA8D225-6A54-4C24-B924-2D8DE179C684}.Release_Dynamic|Win32.Build.0 = Release_Dynamic|Win32
		{9FA8D225-6A54-4C24-B924-2D8DE179C684}.Release_Dynamic|x64.ActiveCfg = Release_Dynamic|x64
		{9FA8D225-6A54-4C24-B924-2D8DE179C684}.Release_Dynamic|x64.Build.0 = Release_Dynamic|x64
		{9FA8D225-6A54-4C24-B924-2D8DE179C684}.Release_Static|Win32.ActiveCfg = Release_Static|Win32
		{9FA8D225-6A54-4C24-B924-2D8DE179C684}.Release_Static|Win32.Build.0 = Release_Static|Win32
		{9FA8D225-6A54-4C24-B924-2D8DE179C684}.Release_Static|x64.ActiveCfg = Release_Static|x64
		{9FA8D225-6A54-4C24-B924-2D8DE179C684}.Release_Static|x64.Build.0 = Release_Static|x64
		{840B1356-1DE5-4BE2-A008-E2B0134F7B24}.Debug|Win32.ActiveCfg = Debug|Win32
		{840B1356-1DE5-4BE2-A008-E2B0134F7B24}.Debug|Win32.Build.0 = Debug|Win32
		{840B1356-1DE5-4BE2-A008-E2B0134F7B24}.Debug|x64.ActiveCfg = Debug|x64
		{840B1356-1DE5-4BE2-A008-E2B0134F7B24}.Debug|x64.Build.0 = Debug|x64
		{840B1356-1DE5-4BE2-A008-E2B0134F7B24}.Release_Dynamic|Win32.ActiveCfg = Release_Dynamic|Win32
		{840B1356-1DE5-4BE2-A008-E2B0134F7B24}.Release_Dynamic|Win32.Build.0 = Release_Dynamic|Win32
		{840B1356-1DE5-4BE2-A008-E2B0134F7B24}.Release_Dynamic|x64.ActiveCfg = Release_Dynamic|x64
		{840B1356-1DE5-4BE2-A008-E2B0134F7B24}.Release_Dynamic|x64.Build.0 = Release_Dynamic|x64
		{840B1356-1DE5-4BE2-A008-E2B0134F7B24}.Release_Static|Win32.ActiveCfg = Release_Static|Win32
		{840B1356-1DE5-4BE2-A008-E2B0134F7B24}.Release_Static|Win32.Build.0 = Release_Static|Win32
		{840B1356-1DE5-4BE2-A008-E2B0134F7B24}.Release_Static|x64.ActiveCfg = Release_Static|x64
		{840B1356-1DE5-4BE2-A008-E2B0134F7B24}.Release_Static|x64.Build.0 = Release_Static|x64
		{07047EA0-311D-497C-BF14-29DE1F54F5B4}.Debug|Win32.ActiveCfg = Debug|Win32
		{07047EA0-311D-497C-BF14-29DE1F54F5B4}.Debug|Win32.Build.0 = Debug|Win32
		{07047EA0-311D-497C-BF14-29DE1F54F5B4}.Debug|x64.ActiveCfg = Debug|x64
		{07047EA0-311D-497C-BF14-29DE1F54F5B4}.Debug|x64.Build.0 = Debug|x64
		{07047EA0-311D-497C-BF14-29DE1F54F5B4}.Release_Dynamic|Win32.ActiveCfg = Release_Dynamic|Win32
		{07047EA0-311D-497C-BF14-29DE1F54F5B4}.Release_Dynamic|Win32.Build.0 = Release_Dynamic|Win32
		{07047EA0-311D-497C-BF14-29DE1F54F5B4}.Release_Dynamic|x64.ActiveCfg = Release_Dynamic|x64
		{07047EA0-311D-497C-BF14-29DE1F54F5B4}.Release_Dynamic|x64.Build.0 = Release_Dynamic|x64
		{07047EA0-311D-497C-BF14-29DE1F54F5B4}.Release_Static|Win32.ActiveCfg = Release_Static|Win32
		{07047EA0-311D-497C-BF14-29DE1F54F5B4}.Release_Static|Win32.Build.0 = Release_Static|Win32
		{07047EA0-311D-497C-BF14-29DE1F54F5B4}.Release_Static|x64.ActiveCfg = Release_Static|x64
		{07047EA0-311D-497C-BF14-29DE1F54F5B4}.Release_Static|x64.Build.0 = Release_Static|x64
		{5F0DF293-DC6B-48CB-B8FC-49E26055637D}.Debug|Win32.ActiveCfg = Debug|Win32
		{5F0DF293-DC6B-48CB-B8FC-49E26055637D}.Debug|Win32.Build.0 = Debug|Win32
		{5F0DF293-DC6B-48CB-B8FC-49E26055637D}.Debug|x64.ActiveCfg = Debug|x64
		{5F0DF293-DC6B-48CB-B8FC-49E26055637D}.Debug|x64.Build.0 = Debug|x64
		{5F0DF293-DC6B-48CB-B8FC-49E26055637D}.Release_Dynamic|Win32.ActiveCfg = Release_Dynamic|Win32
		{5F0DF293-DC6B-48CB-B8FC-49E26055637D}.Release_Dynamic|Win32.Build.0 = Release_Dynamic|Win32
		{5F0DF293-DC6B-48CB-B8FC-49E26055637D}.Release_Dynamic|x64.ActiveCfg = Release_Dynamic|x64
		{5F0DF293-DC6B-48CB-B8FC-49E26055637D}.Release_Dynamic|x64.Build.0 = Release_Dynamic|x64
		{5F0DF293-DC6B-48CB-B8FC-49E26055637D}.Release_Static|Win32.ActiveCfg = Release_Static|Win32
		{5F0DF293-DC6B-48CB-B8FC-49E26055637D}.Release_Static|Win32.Build.0 = Release_Static|Win32
		{5F0DF293-DC6B-48CB-B8FC-49E26055637D}.Release_Static|x64.ActiveCfg = Release_Static|x64
		{5F0DF293-DC6B-48CB-B8FC-49E26055637D}.Release_Static|x64.Build.0 = Release_Static|x64
		{584CBFC4-3419-4D37-8CFF-4570FAAC445B}.Debug|Win32.ActiveCfg = Debug|Win32
		{584CBFC4-3419-4D37-8CFF-4570FAAC445B}.Debug|Win32.Build.0 = Debug|Win32
		{584CBFC4-3419-4D37-8CFF-4570FAAC445B}.Debug|x64.ActiveCfg = Debug|x64
		{584CBFC4-3419-4D37-8CFF-4570FAAC445B}.Debug|x64.Build.0 = Debug|x64
		{584CBFC4-3419-4D37-8CFF-4570FAAC445B}.Release_Dynamic|Win32.ActiveCfg = Release_Dynamic|Win32
		{584CBFC4-3419-4D37-8CFF-4570FAAC445B}.Release_Dynamic|Win32.Build.0 = Release_Dynamic|Win32
		{584CBFC4-3419-4D37-8CFF-4570FAAC445B}.Release_Dynamic|x64.ActiveCfg = Release_Dynamic|x64
		{584CBFC4-3419-4D37-8CFF-4570FAAC445B}.Release_Dynamic|x64.Build.0 = Release_Dynamic|x64
		{584CBFC4-3419-4D37-8CFF-4570FAAC445B}.Release_Static|Win32.ActiveCfg = Release_Static|Win32
		{584CBFC4-3419-4D37-8CFF-4570FAAC445B}.Release_Static|Win32.Build.0 = Release_Static|Win32
		{584CBFC4-3419-4D37-8CFF-4570FAAC445B}.Release_Static|x64.ActiveCfg = Release_Static|x64
		{584CBFC4-3419-4D37-8CFF-4570FAAC445B}.Release_Static|x64.Build.0 = Release_Static|x64
		{BA8648B6-A2B5-440C-B97B-5D24FDEB1A28}.Debug|Win32.ActiveCfg = Debug|Win32
		{BA8648B6-A2B5-440C-B97B-5D24FDEB1A28}.Debug|Win32.Build.0 = Debug|Win32
		{BA8648B6-A2B5-440C-B97B-5D24FDEB1A28}.Debug|x64.ActiveCfg = Debug|x64
		{BA8648B6-A2B5-440C-B97B-5D24FDEB1A28}.Debug|x64.Build.0 = Debug|x64
		{BA8648B6-A2B5-440C-B97B-5D24FDEB1A28}.Release_Dynamic|Win32.ActiveCfg = Release_Dynamic|Win32
		{BA8648B6-A2B5-440C-B97B-5D24FDEB1A28}.Release_Dynamic|Win32.Build.0 = Release_Dynamic|Win32
		{BA8648B6-A2B5-440C-B97B-5D24FDEB1A28}.Release_Dynamic|x64.ActiveCfg = Release_Dynamic|x64
		{BA8648B6-A2B5-440C-B97B-5D24FDEB1A28}.Release_Dynamic|x64.Build.0 = Release_Dynamic|x64
		{BA8648B6-A2B5-440C-B97B-5D24FDEB1A28}.Release_Static|Win32.ActiveCfg = Release_Static|Win32
		{BA8648B6-A2B5-440C-B97B-5D24FDEB1A28}.Release_Static|Win32.Build.0 = Release_Static|Win32
		{BA8648B6-A2B5-440C-B97B-5D24FDEB1A28}.Release_Static|x64.ActiveCfg = Release_Static|x64
		{BA8648B6-A2B5-440C-B97B-5D24FDEB1A28}.Release_Static|x64.Build.0 = Release_Static|x64
		{A21F73C6-2421-4588-8A46-B8727BBB647A}.Debug|Win32.ActiveCfg = Debug|Win32
		{A21F73C6-2421-4588-8A46-B8727BBB647A}.Debug|Win32.Build.0 = Debug|Win32
		{A21F73C6-2421-4588-8A46-B8727BBB647A}.Debug|x64.ActiveCfg = Debug|x64
		{A21F73C6-2421-4588-8A46-B8727BBB647A}.Debug|x64.Build.0 = Debug|x64
		{A21F73C6-2421-4588-8A46-B8727BBB647A}.Release_Dynamic|Win32.ActiveCfg = Release_Dynamic|Win32
		{A21F73C6-2421-4588-8A46-B8727BBB647A}.Release_Dynamic|Win32.Build.0 = Release_Dynamic|Win32
		{A21F73C6-2421-4588-8A46-B8727BBB647A}.Release_Dynamic|x64.ActiveCfg = Release_Dynamic|x64
		{A21F73C6-2421-4588-8A46-B8727BBB647A}.Release_Dynamic|x64.Build.0 = Release_Dynamic|x64
		{A21F73C6-2421-4588-8A46-B8727BBB647A}.Release_Static|Win32.ActiveCfg = Release_Static|Win32
		{A21F73C6-2421-4588-8A46-B8727BBB647A}.Release_Static|Win32.Build.0 = Release_Static|Win32
		{A21F73C6-2421-4588-8A46-B8727BBB647A}.Release_Static|x64.ActiveCfg = Release_Static|x64
		{A21F73C6-2421-4588-8A46-B8727BBB647A}.Release_Static|x64.Build.0 = Release_Static|x64
	EndGlobalSection
	GlobalSection(SolutionProperties) = preSolution
		HideSolutionNode = FALSE
	EndGlobalSection
	GlobalSection(NestedProjects) = preSolution
		{CAA0933B-45B8-4274-81C7-2A67245D169F} = {34DF94E5-010D-41AD-B10F-EF362CA07DD8}
		{65B47010-C69E-43EF-A752-2894D463C498} = {3678A393-2CA9-4AF2-BF74-5130BD12FA28}
		{CCA6BF98-AFC5-4EFD-B6A1-281CBC1B6E0D} = {CAA0933B-45B8-4274-81C7-2A67245D169F}
		{9B766B88-8CD5-4039-9F38-1268DADB37BE} = {CAA0933B-45B8-4274-81C7-2A67245D169F}
		{10248718-EF06-46E0-8934-C941ACFBE3A4} = {CAA0933B-45B8-4274-81C7-2A67245D169F}
		{A0CDE8E4-C401-4E0A-A0F9-2578104F5AFF} = {CCA6BF98-AFC5-4EFD-B6A1-281CBC1B6E0D}
		{424CC3B1-10AE-4BCD-A02E-F2F903CA8B96} = {CCA6BF98-AFC5-4EFD-B6A1-281CBC1B6E0D}
		{02B2B141-1AF3-43F0-A4D9-ECEE33401CEE} = {CCA6BF98-AFC5-4EFD-B6A1-281CBC1B6E0D}
		{44263EFB-287A-4CFF-99C7-D80884532BF4} = {CCA6BF98-AFC5-4EFD-B6A1-281CBC1B6E0D}
		{9FA8D225-6A54-4C24-B924-2D8DE179C684} = {9B766B88-8CD5-4039-9F38-1268DADB37BE}
		{840B1356-1DE5-4BE2-A008-E2B0134F7B24} = {9B766B88-8CD5-4039-9F38-1268DADB37BE}
		{07047EA0-311D-497C-BF14-29DE1F54F5B4} = {10248718-EF06-46E0-8934-C941ACFBE3A4}
		{5F0DF293-DC6B-48CB-B8FC-49E26055637D} = {10248718-EF06-46E0-8934-C941ACFBE3A4}
		{584CBFC4-3419-4D37-8CFF-4570FAAC445B} = {10248718-EF06-46E0-8934-C941ACFBE3A4}
		{BA8648B6-A2B5-440C-B97B-5D24FDEB1A28} = {10248718-EF06-46E0-8934-C941ACFBE3A4}
		{3678A393-2CA9-4AF2-BF74-5130BD12FA28} = {CAA0933B-45B8-4274-81C7-2A67245D169F}
		{A21F73C6-2421-4588-8A46-B8727BBB647A} = {CAA0933B-45B8-4274-81C7-2A67245D169F}
	EndGlobalSection
EndGlobal
